
Microsoft Visual Studio Solution File, Format Version 12.00
# Visual Studio Version 17
VisualStudioVersion = 17.1.32319.34
MinimumVisualStudioVersion = 10.0.40219.1
Project("{FAE04EC0-301F-11D3-BF4B-00C04F79EFBC}") = "Logistic.WebUI", "Logistic.WebUI\Logistic.WebUI.csproj", "{96513710-AA5A-48DA-AADA-0ED2DC7EDB5F}"
EndProject
Project("{FAE04EC0-301F-11D3-BF4B-00C04F79EFBC}") = "Logistic.DAL", "Logistic.DAL\Logistic.DAL.csproj", "{1BDD1414-2DC0-45B2-8DFE-5012E9026F64}"
EndProject
Global
	GlobalSection(SolutionConfigurationPlatforms) = preSolution
		Debug|Any CPU = Debug|Any CPU
		Release|Any CPU = Release|Any CPU
	EndGlobalSection
	GlobalSection(ProjectConfigurationPlatforms) = postSolution
		{96513710-AA5A-48DA-AADA-0ED2DC7EDB5F}.Debug|Any CPU.ActiveCfg = Debug|Any CPU
		{96513710-AA5A-48DA-AADA-0ED2DC7EDB5F}.Debug|Any CPU.Build.0 = Debug|Any CPU
		{96513710-AA5A-48DA-AADA-0ED2DC7EDB5F}.Release|Any CPU.ActiveCfg = Release|Any CPU
		{96513710-AA5A-48DA-AADA-0ED2DC7EDB5F}.Release|Any CPU.Build.0 = Release|Any CPU
		{1BDD1414-2DC0-45B2-8DFE-5012E9026F64}.Debug|Any CPU.ActiveCfg = Debug|Any CPU
		{1BDD1414-2DC0-45B2-8DFE-5012E9026F64}.Debug|Any CPU.Build.0 = Debug|Any CPU
		{1BDD1414-2DC0-45B2-8DFE-5012E9026F64}.Release|Any CPU.ActiveCfg = Release|Any CPU
		{1BDD1414-2DC0-45B2-8DFE-5012E9026F64}.Release|Any CPU.Build.0 = Release|Any CPU
	EndGlobalSection
	GlobalSection(SolutionProperties) = preSolution
		HideSolutionNode = FALSE
	EndGlobalSection
	GlobalSection(ExtensibilityGlobals) = postSolution
		SolutionGuid = {F193E15A-073A-4C69-9DA2-FAB2761CA8F1}
	EndGlobalSection
EndGlobal
